
Microsoft Visual Studio Solution File, Format Version 12.00
# Visual Studio 15
VisualStudioVersion = 15.0.27703.2000
MinimumVisualStudioVersion = 10.0.40219.1
Project("{FAE04EC0-301F-11D3-BF4B-00C04F79EFBC}") = "BOT_IRC", "BOT_IRC\BOT_IRC.csproj", "{39E5711A-4C7E-45CB-8CAD-9D01B914A087}"
EndProject
Project("{FAE04EC0-301F-11D3-BF4B-00C04F79EFBC}") = "BOT_ADMIN", "BOT_ADMIN\BOT_ADMIN.csproj", "{EDA58695-9D51-4E90-A32E-F9202433C706}"
	ProjectSection(ProjectDependencies) = postProject
		{39E5711A-4C7E-45CB-8CAD-9D01B914A087} = {39E5711A-4C7E-45CB-8CAD-9D01B914A087}
	EndProjectSection
EndProject
Global
	GlobalSection(SolutionConfigurationPlatforms) = preSolution
		Debug|Any CPU = Debug|Any CPU
		Release|Any CPU = Release|Any CPU
	EndGlobalSection
	GlobalSection(ProjectConfigurationPlatforms) = postSolution
		{39E5711A-4C7E-45CB-8CAD-9D01B914A087}.Debug|Any CPU.ActiveCfg = Debug|Any CPU
		{39E5711A-4C7E-45CB-8CAD-9D01B914A087}.Debug|Any CPU.Build.0 = Debug|Any CPU
		{39E5711A-4C7E-45CB-8CAD-9D01B914A087}.Release|Any CPU.ActiveCfg = Release|Any CPU
		{39E5711A-4C7E-45CB-8CAD-9D01B914A087}.Release|Any CPU.Build.0 = Release|Any CPU
		{EDA58695-9D51-4E90-A32E-F9202433C706}.Debug|Any CPU.ActiveCfg = Debug|Any CPU
		{EDA58695-9D51-4E90-A32E-F9202433C706}.Debug|Any CPU.Build.0 = Debug|Any CPU
		{EDA58695-9D51-4E90-A32E-F9202433C706}.Release|Any CPU.ActiveCfg = Release|Any CPU
		{EDA58695-9D51-4E90-A32E-F9202433C706}.Release|Any CPU.Build.0 = Release|Any CPU
	EndGlobalSection
	GlobalSection(SolutionProperties) = preSolution
		HideSolutionNode = FALSE
	EndGlobalSection
	GlobalSection(ExtensibilityGlobals) = postSolution
		SolutionGuid = {A0A44E98-5D1A-46C4-ADD3-DF2957EE312F}
	EndGlobalSection
EndGlobal
